
Microsoft Visual Studio Solution File, Format Version 12.00
# Visual Studio Version 17
VisualStudioVersion = 17.13.35825.156 d17.13
MinimumVisualStudioVersion = 10.0.40219.1
Project("{FAE04EC0-301F-11D3-BF4B-00C04F79EFBC}") = "Taste Hub", "Taste Hub.csproj", "{0BC10A10-C257-46F6-8429-0C484EC15521}"
EndProject
Global
	GlobalSection(SolutionConfigurationPlatforms) = preSolution
		Debug|Any CPU = Debug|Any CPU
		Release|Any CPU = Release|Any CPU
	EndGlobalSection
	GlobalSection(ProjectConfigurationPlatforms) = postSolution
		{0BC10A10-C257-46F6-8429-0C484EC15521}.Debug|Any CPU.ActiveCfg = Debug|Any CPU
		{0BC10A10-C257-46F6-8429-0C484EC15521}.Debug|Any CPU.Build.0 = Debug|Any CPU
		{0BC10A10-C257-46F6-8429-0C484EC15521}.Release|Any CPU.ActiveCfg = Release|Any CPU
		{0BC10A10-C257-46F6-8429-0C484EC15521}.Release|Any CPU.Build.0 = Release|Any CPU
	EndGlobalSection
	GlobalSection(SolutionProperties) = preSolution
		HideSolutionNode = FALSE
	EndGlobalSection
	GlobalSection(ExtensibilityGlobals) = postSolution
		SolutionGuid = {7EA1ED35-84F6-42CC-9AA2-B47B81972F4A}
	EndGlobalSection
EndGlobal
